// !$*UTF8*$!
{
	archiveVersion = 1;
	classes = {
	};
	objectVersion = 55;
	objects = {

/* Begin PBXBuildFile section */
		6DD1D83C286462FE00CFA21D /* AppDelegate.swift in Sources */ = {isa = PBXBuildFile; fileRef = 6DD1D83B286462FE00CFA21D /* AppDelegate.swift */; };
		6DD1D83E286462FE00CFA21D /* SceneDelegate.swift in Sources */ = {isa = PBXBuildFile; fileRef = 6DD1D83D286462FE00CFA21D /* SceneDelegate.swift */; };
		6DD1D840286462FE00CFA21D /* ViewController.swift in Sources */ = {isa = PBXBuildFile; fileRef = 6DD1D83F286462FE00CFA21D /* ViewController.swift */; };
		6DD1D843286462FF00CFA21D /* Main.storyboard in Resources */ = {isa = PBXBuildFile; fileRef = 6DD1D841286462FF00CFA21D /* Main.storyboard */; };
		6DD1D8452864630200CFA21D /* Assets.xcassets in Resources */ = {isa = PBXBuildFile; fileRef = 6DD1D8442864630200CFA21D /* Assets.xcassets */; };
		6DD1D8482864630200CFA21D /* LaunchScreen.storyboard in Resources */ = {isa = PBXBuildFile; fileRef = 6DD1D8462864630200CFA21D /* LaunchScreen.storyboard */; };
		6DD1D8502864653200CFA21D /* PopUp.storyboard in Resources */ = {isa = PBXBuildFile; fileRef = 6DD1D84F2864653200CFA21D /* PopUp.storyboard */; };
		6DD1D852286467D300CFA21D /* CustomPopUpViewController.swift in Sources */ = {isa = PBXBuildFile; fileRef = 6DD1D851286467D300CFA21D /* CustomPopUpViewController.swift */; };
		6DD1D8552864694D00CFA21D /* WebKit.framework in Frameworks */ = {isa = PBXBuildFile; fileRef = 6DD1D8542864694D00CFA21D /* WebKit.framework */; };
/* End PBXBuildFile section */

/* Begin PBXFileReference section */
		6DD1D838286462FE00CFA21D /* customPopup_tutorial.app */ = {isa = PBXFileReference; explicitFileType = wrapper.application; includeInIndex = 0; path = customPopup_tutorial.app; sourceTree = BUILT_PRODUCTS_DIR; };
		6DD1D83B286462FE00CFA21D /* AppDelegate.swift */ = {isa = PBXFileReference; lastKnownFileType = sourcecode.swift; path = AppDelegate.swift; sourceTree = "<group>"; };
		6DD1D83D286462FE00CFA21D /* SceneDelegate.swift */ = {isa = PBXFileReference; lastKnownFileType = sourcecode.swift; path = SceneDelegate.swift; sourceTree = "<group>"; };
		6DD1D83F286462FE00CFA21D /* ViewController.swift */ = {isa = PBXFileReference; lastKnownFileType = sourcecode.swift; path = ViewController.swift; sourceTree = "<group>"; };
		6DD1D842286462FF00CFA21D /* Base */ = {isa = PBXFileReference; lastKnownFileType = file.storyboard; name = Base; path = Base.lproj/Main.storyboard; sourceTree = "<group>"; };
		6DD1D8442864630200CFA21D /* Assets.xcassets */ = {isa = PBXFileReference; lastKnownFileType = folder.assetcatalog; path = Assets.xcassets; sourceTree = "<group>"; };
		6DD1D8472864630200CFA21D /* Base */ = {isa = PBXFileReference; lastKnownFileType = file.storyboard; name = Base; path = Base.lproj/LaunchScreen.storyboard; sourceTree = "<group>"; };
		6DD1D8492864630200CFA21D /* Info.plist */ = {isa = PBXFileReference; lastKnownFileType = text.plist.xml; path = Info.plist; sourceTree = "<group>"; };
		6DD1D84F2864653200CFA21D /* PopUp.storyboard */ = {isa = PBXFileReference; lastKnownFileType = file.storyboard; path = PopUp.storyboard; sourceTree = "<group>"; };
		6DD1D851286467D300CFA21D /* CustomPopUpViewController.swift */ = {isa = PBXFileReference; lastKnownFileType = sourcecode.swift; path = CustomPopUpViewController.swift; sourceTree = "<group>"; };
		6DD1D8542864694D00CFA21D /* WebKit.framework */ = {isa = PBXFileReference; lastKnownFileType = wrapper.framework; name = WebKit.framework; path = System/Library/Frameworks/WebKit.framework; sourceTree = SDKROOT; };
/* End PBXFileReference section */

/* Begin PBXFrameworksBuildPhase section */
		6DD1D835286462FE00CFA21D /* Frameworks */ = {
			isa = PBXFrameworksBuildPhase;
			buildActionMask = 2147483647;
			files = (
				6DD1D8552864694D00CFA21D /* WebKit.framework in Frameworks */,
			);
			runOnlyForDeploymentPostprocessing = 0;
		};
/* End PBXFrameworksBuildPhase section */

/* Begin PBXGroup section */
		6DD1D82F286462FE00CFA21D = {
			isa = PBXGroup;
			children = (
				6DD1D83A286462FE00CFA21D /* customPopup_tutorial */,
				6DD1D839286462FE00CFA21D /* Products */,
				6DD1D8532864694D00CFA21D /* Frameworks */,
			);
			sourceTree = "<group>";
		};
		6DD1D839286462FE00CFA21D /* Products */ = {
			isa = PBXGroup;
			children = (
				6DD1D838286462FE00CFA21D /* customPopup_tutorial.app */,
			);
			name = Products;
			sourceTree = "<group>";
		};
		6DD1D83A286462FE00CFA21D /* customPopup_tutorial */ = {
			isa = PBXGroup;
			children = (
				6DD1D83B286462FE00CFA21D /* AppDelegate.swift */,
				6DD1D83D286462FE00CFA21D /* SceneDelegate.swift */,
				6DD1D83F286462FE00CFA21D /* ViewController.swift */,
				6DD1D841286462FF00CFA21D /* Main.storyboard */,
				6DD1D8442864630200CFA21D /* Assets.xcassets */,
				6DD1D8462864630200CFA21D /* LaunchScreen.storyboard */,
				6DD1D8492864630200CFA21D /* Info.plist */,
				6DD1D84F2864653200CFA21D /* PopUp.storyboard */,
				6DD1D851286467D300CFA21D /* CustomPopUpViewController.swift */,
			);
			path = customPopup_tutorial;
			sourceTree = "<group>";
		};
		6DD1D8532864694D00CFA21D /* Frameworks */ = {
			isa = PBXGroup;
			children = (
				6DD1D8542864694D00CFA21D /* WebKit.framework */,
			);
			name = Frameworks;
			sourceTree = "<group>";
		};
/* End PBXGroup section */

/* Begin PBXNativeTarget section */
		6DD1D837286462FE00CFA21D /* customPopup_tutorial */ = {
			isa = PBXNativeTarget;
			buildConfigurationList = 6DD1D84C2864630200CFA21D /* Build configuration list for PBXNativeTarget "customPopup_tutorial" */;
			buildPhases = (
				6DD1D834286462FE00CFA21D /* Sources */,
				6DD1D835286462FE00CFA21D /* Frameworks */,
				6DD1D836286462FE00CFA21D /* Resources */,
			);
			buildRules = (
			);
			dependencies = (
			);
			name = customPopup_tutorial;
			productName = customPopup_tutorial;
			productReference = 6DD1D838286462FE00CFA21D /* customPopup_tutorial.app */;
			productType = "com.apple.product-type.application";
		};
/* End PBXNativeTarget section */

/* Begin PBXProject section */
		6DD1D830286462FE00CFA21D /* Project object */ = {
			isa = PBXProject;
			attributes = {
				BuildIndependentTargetsInParallel = 1;
				LastSwiftUpdateCheck = 1330;
				LastUpgradeCheck = 1330;
				TargetAttributes = {
					6DD1D837286462FE00CFA21D = {
						CreatedOnToolsVersion = 13.3.1;
					};
				};
			};
			buildConfigurationList = 6DD1D833286462FE00CFA21D /* Build configuration list for PBXProject "customPopup_tutorial" */;
			compatibilityVersion = "Xcode 13.0";
			developmentRegion = en;
			hasScannedForEncodings = 0;
			knownRegions = (
				en,
				Base,
			);
			mainGroup = 6DD1D82F286462FE00CFA21D;
			productRefGroup = 6DD1D839286462FE00CFA21D /* Products */;
			projectDirPath = "";
			projectRoot = "";
			targets = (
				6DD1D837286462FE00CFA21D /* customPopup_tutorial */,
			);
		};
/* End PBXProject section */

/* Begin PBXResourcesBuildPhase section */
		6DD1D836286462FE00CFA21D /* Resources */ = {
			isa = PBXResourcesBuildPhase;
			buildActionMask = 2147483647;
			files = (
				6DD1D8482864630200CFA21D /* LaunchScreen.storyboard in Resources */,
				6DD1D8452864630200CFA21D /* Assets.xcassets in Resources */,
				6DD1D843286462FF00CFA21D /* Main.storyboard in Resources */,
				6DD1D8502864653200CFA21D /* PopUp.storyboard in Resources */,
			);
			runOnlyForDeploymentPostprocessing = 0;
		};
/* End PBXResourcesBuildPhase section */

/* Begin PBXSourcesBuildPhase section */
		6DD1D834286462FE00CFA21D /* Sources */ = {
			isa = PBXSourcesBuildPhase;
			buildActionMask = 2147483647;
			files = (
				6DD1D852286467D300CFA21D /* CustomPopUpViewController.swift in Sources */,
				6DD1D840286462FE00CFA21D /* ViewController.swift in Sources */,
				6DD1D83C286462FE00CFA21D /* AppDelegate.swift in Sources */,
				6DD1D83E286462FE00CFA21D /* SceneDelegate.swift in Sources */,
			);
			runOnlyForDeploymentPostprocessing = 0;
		};
/* End PBXSourcesBuildPhase section */

/* Begin PBXVariantGroup section */
		6DD1D841286462FF00CFA21D /* Main.storyboard */ = {
			isa = PBXVariantGroup;
			children = (
				6DD1D842286462FF00CFA21D /* Base */,
			);
			name = Main.storyboard;
			sourceTree = "<group>";
		};
		6DD1D8462864630200CFA21D /* LaunchScreen.storyboard */ = {
			isa = PBXVariantGroup;
			children = (
				6DD1D8472864630200CFA21D /* Base */,
			);
			name = LaunchScreen.storyboard;
			sourceTree = "<group>";
		};
/* End PBXVariantGroup section */

/* Begin XCBuildConfiguration section */
		6DD1D84A2864630200CFA21D /* Debug */ = {
			isa = XCBuildConfiguration;
			buildSettings = {
				ALWAYS_SEARCH_USER_PATHS = NO;
				CLANG_ANALYZER_NONNULL = YES;
				CLANG_ANALYZER_NUMBER_OBJECT_CONVERSION = YES_AGGRESSIVE;
				CLANG_CXX_LANGUAGE_STANDARD = "gnu++17";
				CLANG_ENABLE_MODULES = YES;
				CLANG_ENABLE_OBJC_ARC = YES;
				CLANG_ENABLE_OBJC_WEAK = YES;
				CLANG_WARN_BLOCK_CAPTURE_AUTORELEASING = YES;
				CLANG_WARN_BOOL_CONVERSION = YES;
				CLANG_WARN_COMMA = YES;
				CLANG_WARN_CONSTANT_CONVERSION = YES;
				CLANG_WARN_DEPRECATED_OBJC_IMPLEMENTATIONS = YES;
				CLANG_WARN_DIRECT_OBJC_ISA_USAGE = YES_ERROR;
				CLANG_WARN_DOCUMENTATION_COMMENTS = YES;
				CLANG_WARN_EMPTY_BODY = YES;
				CLANG_WARN_ENUM_CONVERSION = YES;
				CLANG_WARN_INFINITE_RECURSION = YES;
				CLANG_WARN_INT_CONVERSION = YES;
				CLANG_WARN_NON_LITERAL_NULL_CONVERSION = YES;
				CLANG_WARN_OBJC_IMPLICIT_RETAIN_SELF = YES;
				CLANG_WARN_OBJC_LITERAL_CONVERSION = YES;
				CLANG_WARN_OBJC_ROOT_CLASS = YES_ERROR;
				CLANG_WARN_QUOTED_INCLUDE_IN_FRAMEWORK_HEADER = YES;
				CLANG_WARN_RANGE_LOOP_ANALYSIS = YES;
				CLANG_WARN_STRICT_PROTOTYPES = YES;
				CLANG_WARN_SUSPICIOUS_MOVE = YES;
				CLANG_WARN_UNGUARDED_AVAILABILITY = YES_AGGRESSIVE;
				CLANG_WARN_UNREACHABLE_CODE = YES;
				CLANG_WARN__DUPLICATE_METHOD_MATCH = YES;
				COPY_PHASE_STRIP = NO;
				DEBUG_INFORMATION_FORMAT = dwarf;
				ENABLE_STRICT_OBJC_MSGSEND = YES;
				ENABLE_TESTABILITY = YES;
				GCC_C_LANGUAGE_STANDARD = gnu11;
				GCC_DYNAMIC_NO_PIC = NO;
				GCC_NO_COMMON_BLOCKS = YES;
				GCC_OPTIMIZATION_LEVEL = 0;
				GCC_PREPROCESSOR_DEFINITIONS = (
					"DEBUG=1",
					"$(inherited)",
				);
				GCC_WARN_64_TO_32_BIT_CONVERSION = YES;
				GCC_WARN_ABOUT_RETURN_TYPE = YES_ERROR;
				GCC_WARN_UNDECLARED_SELECTOR = YES;
				GCC_WARN_UNINITIALIZED_AUTOS = YES_AGGRESSIVE;
				GCC_WARN_UNUSED_FUNCTION = YES;
				GCC_WARN_UNUSED_VARIABLE = YES;
				IPHONEOS_DEPLOYMENT_TARGET = 15.4;
				MTL_ENABLE_DEBUG_INFO = INCLUDE_SOURCE;
				MTL_FAST_MATH = YES;
				ONLY_ACTIVE_ARCH = YES;
				SDKROOT = iphoneos;
				SWIFT_ACTIVE_COMPILATION_CONDITIONS = DEBUG;
				SWIFT_OPTIMIZATION_LEVEL = "-Onone";
			};
			name = Debug;
		};
		6DD1D84B2864630200CFA21D /* Release */ = {
			isa = XCBuildConfiguration;
			buildSettings = {
				ALWAYS_SEARCH_USER_PATHS = NO;
				CLANG_ANALYZER_NONNULL = YES;
				CLANG_ANALYZER_NUMBER_OBJECT_CONVERSION = YES_AGGRESSIVE;
				CLANG_CXX_LANGUAGE_STANDARD = "gnu++17";
				CLANG_ENABLE_MODULES = YES;
				CLANG_ENABLE_OBJC_ARC = YES;
				CLANG_ENABLE_OBJC_WEAK = YES;
				CLANG_WARN_BLOCK_CAPTURE_AUTORELEASING = YES;
				CLANG_WARN_BOOL_CONVERSION = YES;
				CLANG_WARN_COMMA = YES;
				CLANG_WARN_CONSTANT_CONVERSION = YES;
				CLANG_WARN_DEPRECATED_OBJC_IMPLEMENTATIONS = YES;
				CLANG_WARN_DIRECT_OBJC_ISA_USAGE = YES_ERROR;
				CLANG_WARN_DOCUMENTATION_COMMENTS = YES;
				CLANG_WARN_EMPTY_BODY = YES;
				CLANG_WARN_ENUM_CONVERSION = YES;
				CLANG_WARN_INFINITE_RECURSION = YES;
				CLANG_WARN_INT_CONVERSION = YES;
				CLANG_WARN_NON_LITERAL_NULL_CONVERSION = YES;
				CLANG_WARN_OBJC_IMPLICIT_RETAIN_SELF = YES;
				CLANG_WARN_OBJC_LITERAL_CONVERSION = YES;
				CLANG_WARN_OBJC_ROOT_CLASS = YES_ERROR;
				CLANG_WARN_QUOTED_INCLUDE_IN_FRAMEWORK_HEADER = YES;
				CLANG_WARN_RANGE_LOOP_ANALYSIS = YES;
				CLANG_WARN_STRICT_PROTOTYPES = YES;
				CLANG_WARN_SUSPICIOUS_MOVE = YES;
				CLANG_WARN_UNGUARDED_AVAILABILITY = YES_AGGRESSIVE;
				CLANG_WARN_UNREACHABLE_CODE = YES;
				CLANG_WARN__DUPLICATE_METHOD_MATCH = YES;
				COPY_PHASE_STRIP = NO;
				DEBUG_INFORMATION_FORMAT = "dwarf-with-dsym";
				ENABLE_NS_ASSERTIONS = NO;
				ENABLE_STRICT_OBJC_MSGSEND = YES;
				GCC_C_LANGUAGE_STANDARD = gnu11;
				GCC_NO_COMMON_BLOCKS = YES;
				GCC_WARN_64_TO_32_BIT_CONVERSION = YES;
				GCC_WARN_ABOUT_RETURN_TYPE = YES_ERROR;
				GCC_WARN_UNDECLARED_SELECTOR = YES;
				GCC_WARN_UNINITIALIZED_AUTOS = YES_AGGRESSIVE;
				GCC_WARN_UNUSED_FUNCTION = YES;
				GCC_WARN_UNUSED_VARIABLE = YES;
				IPHONEOS_DEPLOYMENT_TARGET = 15.4;
				MTL_ENABLE_DEBUG_INFO = NO;
				MTL_FAST_MATH = YES;
				SDKROOT = iphoneos;
				SWIFT_COMPILATION_MODE = wholemodule;
				SWIFT_OPTIMIZATION_LEVEL = "-O";
				VALIDATE_PRODUCT = YES;
			};
			name = Release;
		};
		6DD1D84D2864630200CFA21D /* Debug */ = {
			isa = XCBuildConfiguration;
			buildSettings = {
				ASSETCATALOG_COMPILER_APPICON_NAME = AppIcon;
				ASSETCATALOG_COMPILER_GLOBAL_ACCENT_COLOR_NAME = AccentColor;
				CODE_SIGN_STYLE = Automatic;
				CURRENT_PROJECT_VERSION = 1;
				DEVELOPMENT_TEAM = B2XR5545F7;
				GENERATE_INFOPLIST_FILE = YES;
				INFOPLIST_FILE = customPopup_tutorial/Info.plist;
				INFOPLIST_KEY_UIApplicationSupportsIndirectInputEvents = YES;
				INFOPLIST_KEY_UILaunchStoryboardName = LaunchScreen;
				INFOPLIST_KEY_UIMainStoryboardFile = Main;
				INFOPLIST_KEY_UISupportedInterfaceOrientations_iPad = "UIInterfaceOrientationPortrait UIInterfaceOrientationPortraitUpsideDown UIInterfaceOrientationLandscapeLeft UIInterfaceOrientationLandscapeRight";
				INFOPLIST_KEY_UISupportedInterfaceOrientations_iPhone = "UIInterfaceOrientationPortrait UIInterfaceOrientationLandscapeLeft UIInterfaceOrientationLandscapeRight";
				LD_RUNPATH_SEARCH_PATHS = (
					"$(inherited)",
					"@executable_path/Frameworks",
				);
				MARKETING_VERSION = 1.0;
				PRODUCT_BUNDLE_IDENTIFIER = "Jeonhui.customPopup-tutorial";
				PRODUCT_NAME = "$(TARGET_NAME)";
				SWIFT_EMIT_LOC_STRINGS = YES;
				SWIFT_VERSION = 5.0;
				TARGETED_DEVICE_FAMILY = "1,2";
			};
			name = Debug;
		};
		6DD1D84E2864630200CFA21D /* Release */ = {
			isa = XCBuildConfiguration;
			buildSettings = {
				ASSETCATALOG_COMPILER_APPICON_NAME = AppIcon;
				ASSETCATALOG_COMPILER_GLOBAL_ACCENT_COLOR_NAME = AccentColor;
				CODE_SIGN_STYLE = Automatic;
				CURRENT_PROJECT_VERSION = 1;
				DEVELOPMENT_TEAM = B2XR5545F7;
				GENERATE_INFOPLIST_FILE = YES;
				INFOPLIST_FILE = customPopup_tutorial/Info.plist;
				INFOPLIST_KEY_UIApplicationSupportsIndirectInputEvents = YES;
				INFOPLIST_KEY_UILaunchStoryboardName = LaunchScreen;
				INFOPLIST_KEY_UIMainStoryboardFile = Main;
				INFOPLIST_KEY_UISupportedInterfaceOrientations_iPad = "UIInterfaceOrientationPortrait UIInterfaceOrientationPortraitUpsideDown UIInterfaceOrientationLandscapeLeft UIInterfaceOrientationLandscapeRight";
				INFOPLIST_KEY_UISupportedInterfaceOrientations_iPhone = "UIInterfaceOrientationPortrait UIInterfaceOrientationLandscapeLeft UIInterfaceOrientationLandscapeRight";
				LD_RUNPATH_SEARCH_PATHS = (
					"$(inherited)",
					"@executable_path/Frameworks",
				);
				MARKETING_VERSION = 1.0;
				PRODUCT_BUNDLE_IDENTIFIER = "Jeonhui.customPopup-tutorial";
				PRODUCT_NAME = "$(TARGET_NAME)";
				SWIFT_EMIT_LOC_STRINGS = YES;
				SWIFT_VERSION = 5.0;
				TARGETED_DEVICE_FAMILY = "1,2";
			};
			name = Release;
		};
/* End XCBuildConfiguration section */

/* Begin XCConfigurationList section */
		6DD1D833286462FE00CFA21D /* Build configuration list for PBXProject "customPopup_tutorial" */ = {
			isa = XCConfigurationList;
			buildConfigurations = (
				6DD1D84A2864630200CFA21D /* Debug */,
				6DD1D84B2864630200CFA21D /* Release */,
			);
			defaultConfigurationIsVisible = 0;
			defaultConfigurationName = Release;
		};
		6DD1D84C2864630200CFA21D /* Build configuration list for PBXNativeTarget "customPopup_tutorial" */ = {
			isa = XCConfigurationList;
			buildConfigurations = (
				6DD1D84D2864630200CFA21D /* Debug */,
				6DD1D84E2864630200CFA21D /* Release */,
			);
			defaultConfigurationIsVisible = 0;
			defaultConfigurationName = Release;
		};
/* End XCConfigurationList section */
	};
	rootObject = 6DD1D830286462FE00CFA21D /* Project object */;
}
