// !$*UTF8*$!
{
	archiveVersion = 1;
	classes = {
	};
	objectVersion = 55;
	objects = {

/* Begin PBXBuildFile section */
		6DC1A302286558C400AA9D8B /* AppDelegate.swift in Sources */ = {isa = PBXBuildFile; fileRef = 6DC1A301286558C400AA9D8B /* AppDelegate.swift */; };
		6DC1A304286558C400AA9D8B /* SceneDelegate.swift in Sources */ = {isa = PBXBuildFile; fileRef = 6DC1A303286558C400AA9D8B /* SceneDelegate.swift */; };
		6DC1A306286558C400AA9D8B /* ViewController.swift in Sources */ = {isa = PBXBuildFile; fileRef = 6DC1A305286558C400AA9D8B /* ViewController.swift */; };
		6DC1A309286558C400AA9D8B /* Main.storyboard in Resources */ = {isa = PBXBuildFile; fileRef = 6DC1A307286558C400AA9D8B /* Main.storyboard */; };
		6DC1A30B286558C900AA9D8B /* Assets.xcassets in Resources */ = {isa = PBXBuildFile; fileRef = 6DC1A30A286558C900AA9D8B /* Assets.xcassets */; };
		6DC1A30E286558C900AA9D8B /* LaunchScreen.storyboard in Resources */ = {isa = PBXBuildFile; fileRef = 6DC1A30C286558C900AA9D8B /* LaunchScreen.storyboard */; };
		8CC8ED97532E8E2A7DEFA930 /* Pods_Picture_practice.framework in Frameworks */ = {isa = PBXBuildFile; fileRef = 007400A6E7779BE4AC18FF08 /* Pods_Picture_practice.framework */; };
/* End PBXBuildFile section */

/* Begin PBXFileReference section */
		007400A6E7779BE4AC18FF08 /* Pods_Picture_practice.framework */ = {isa = PBXFileReference; explicitFileType = wrapper.framework; includeInIndex = 0; path = Pods_Picture_practice.framework; sourceTree = BUILT_PRODUCTS_DIR; };
		6DC1A2FE286558C400AA9D8B /* Picture_practice.app */ = {isa = PBXFileReference; explicitFileType = wrapper.application; includeInIndex = 0; path = Picture_practice.app; sourceTree = BUILT_PRODUCTS_DIR; };
		6DC1A301286558C400AA9D8B /* AppDelegate.swift */ = {isa = PBXFileReference; lastKnownFileType = sourcecode.swift; path = AppDelegate.swift; sourceTree = "<group>"; };
		6DC1A303286558C400AA9D8B /* SceneDelegate.swift */ = {isa = PBXFileReference; lastKnownFileType = sourcecode.swift; path = SceneDelegate.swift; sourceTree = "<group>"; };
		6DC1A305286558C400AA9D8B /* ViewController.swift */ = {isa = PBXFileReference; lastKnownFileType = sourcecode.swift; path = ViewController.swift; sourceTree = "<group>"; };
		6DC1A308286558C400AA9D8B /* Base */ = {isa = PBXFileReference; lastKnownFileType = file.storyboard; name = Base; path = Base.lproj/Main.storyboard; sourceTree = "<group>"; };
		6DC1A30A286558C900AA9D8B /* Assets.xcassets */ = {isa = PBXFileReference; lastKnownFileType = folder.assetcatalog; path = Assets.xcassets; sourceTree = "<group>"; };
		6DC1A30D286558C900AA9D8B /* Base */ = {isa = PBXFileReference; lastKnownFileType = file.storyboard; name = Base; path = Base.lproj/LaunchScreen.storyboard; sourceTree = "<group>"; };
		6DC1A30F286558C900AA9D8B /* Info.plist */ = {isa = PBXFileReference; lastKnownFileType = text.plist.xml; path = Info.plist; sourceTree = "<group>"; };
		B776A4A0917660E1D9947E10 /* Pods-Picture_practice.debug.xcconfig */ = {isa = PBXFileReference; includeInIndex = 1; lastKnownFileType = text.xcconfig; name = "Pods-Picture_practice.debug.xcconfig"; path = "Target Support Files/Pods-Picture_practice/Pods-Picture_practice.debug.xcconfig"; sourceTree = "<group>"; };
		F70F62FF1C86CE101BBBAA31 /* Pods-Picture_practice.release.xcconfig */ = {isa = PBXFileReference; includeInIndex = 1; lastKnownFileType = text.xcconfig; name = "Pods-Picture_practice.release.xcconfig"; path = "Target Support Files/Pods-Picture_practice/Pods-Picture_practice.release.xcconfig"; sourceTree = "<group>"; };
/* End PBXFileReference section */

/* Begin PBXFrameworksBuildPhase section */
		6DC1A2FB286558C400AA9D8B /* Frameworks */ = {
			isa = PBXFrameworksBuildPhase;
			buildActionMask = 2147483647;
			files = (
				8CC8ED97532E8E2A7DEFA930 /* Pods_Picture_practice.framework in Frameworks */,
			);
			runOnlyForDeploymentPostprocessing = 0;
		};
/* End PBXFrameworksBuildPhase section */

/* Begin PBXGroup section */
		6DC1A2F5286558C400AA9D8B = {
			isa = PBXGroup;
			children = (
				6DC1A300286558C400AA9D8B /* Picture_practice */,
				6DC1A2FF286558C400AA9D8B /* Products */,
				E54A64C8F04C258B3C724B78 /* Pods */,
				C2287C6F1F64819956B9D4FB /* Frameworks */,
			);
			sourceTree = "<group>";
		};
		6DC1A2FF286558C400AA9D8B /* Products */ = {
			isa = PBXGroup;
			children = (
				6DC1A2FE286558C400AA9D8B /* Picture_practice.app */,
			);
			name = Products;
			sourceTree = "<group>";
		};
		6DC1A300286558C400AA9D8B /* Picture_practice */ = {
			isa = PBXGroup;
			children = (
				6DC1A301286558C400AA9D8B /* AppDelegate.swift */,
				6DC1A303286558C400AA9D8B /* SceneDelegate.swift */,
				6DC1A305286558C400AA9D8B /* ViewController.swift */,
				6DC1A307286558C400AA9D8B /* Main.storyboard */,
				6DC1A30A286558C900AA9D8B /* Assets.xcassets */,
				6DC1A30C286558C900AA9D8B /* LaunchScreen.storyboard */,
				6DC1A30F286558C900AA9D8B /* Info.plist */,
			);
			path = Picture_practice;
			sourceTree = "<group>";
		};
		C2287C6F1F64819956B9D4FB /* Frameworks */ = {
			isa = PBXGroup;
			children = (
				007400A6E7779BE4AC18FF08 /* Pods_Picture_practice.framework */,
			);
			name = Frameworks;
			sourceTree = "<group>";
		};
		E54A64C8F04C258B3C724B78 /* Pods */ = {
			isa = PBXGroup;
			children = (
				B776A4A0917660E1D9947E10 /* Pods-Picture_practice.debug.xcconfig */,
				F70F62FF1C86CE101BBBAA31 /* Pods-Picture_practice.release.xcconfig */,
			);
			path = Pods;
			sourceTree = "<group>";
		};
/* End PBXGroup section */

/* Begin PBXNativeTarget section */
		6DC1A2FD286558C400AA9D8B /* Picture_practice */ = {
			isa = PBXNativeTarget;
			buildConfigurationList = 6DC1A312286558C900AA9D8B /* Build configuration list for PBXNativeTarget "Picture_practice" */;
			buildPhases = (
				05F92CD1E3D1C2DC8DE6B946 /* [CP] Check Pods Manifest.lock */,
				6DC1A2FA286558C400AA9D8B /* Sources */,
				6DC1A2FB286558C400AA9D8B /* Frameworks */,
				6DC1A2FC286558C400AA9D8B /* Resources */,
				F51875AC8D5BD9F016CFAD64 /* [CP] Embed Pods Frameworks */,
			);
			buildRules = (
			);
			dependencies = (
			);
			name = Picture_practice;
			productName = Picture_practice;
			productReference = 6DC1A2FE286558C400AA9D8B /* Picture_practice.app */;
			productType = "com.apple.product-type.application";
		};
/* End PBXNativeTarget section */

/* Begin PBXProject section */
		6DC1A2F6286558C400AA9D8B /* Project object */ = {
			isa = PBXProject;
			attributes = {
				BuildIndependentTargetsInParallel = 1;
				LastSwiftUpdateCheck = 1330;
				LastUpgradeCheck = 1330;
				TargetAttributes = {
					6DC1A2FD286558C400AA9D8B = {
						CreatedOnToolsVersion = 13.3.1;
					};
				};
			};
			buildConfigurationList = 6DC1A2F9286558C400AA9D8B /* Build configuration list for PBXProject "Picture_practice" */;
			compatibilityVersion = "Xcode 13.0";
			developmentRegion = en;
			hasScannedForEncodings = 0;
			knownRegions = (
				en,
				Base,
			);
			mainGroup = 6DC1A2F5286558C400AA9D8B;
			productRefGroup = 6DC1A2FF286558C400AA9D8B /* Products */;
			projectDirPath = "";
			projectRoot = "";
			targets = (
				6DC1A2FD286558C400AA9D8B /* Picture_practice */,
			);
		};
/* End PBXProject section */

/* Begin PBXResourcesBuildPhase section */
		6DC1A2FC286558C400AA9D8B /* Resources */ = {
			isa = PBXResourcesBuildPhase;
			buildActionMask = 2147483647;
			files = (
				6DC1A30E286558C900AA9D8B /* LaunchScreen.storyboard in Resources */,
				6DC1A30B286558C900AA9D8B /* Assets.xcassets in Resources */,
				6DC1A309286558C400AA9D8B /* Main.storyboard in Resources */,
			);
			runOnlyForDeploymentPostprocessing = 0;
		};
/* End PBXResourcesBuildPhase section */

/* Begin PBXShellScriptBuildPhase section */
		05F92CD1E3D1C2DC8DE6B946 /* [CP] Check Pods Manifest.lock */ = {
			isa = PBXShellScriptBuildPhase;
			buildActionMask = 2147483647;
			files = (
			);
			inputFileListPaths = (
			);
			inputPaths = (
				"${PODS_PODFILE_DIR_PATH}/Podfile.lock",
				"${PODS_ROOT}/Manifest.lock",
			);
			name = "[CP] Check Pods Manifest.lock";
			outputFileListPaths = (
			);
			outputPaths = (
				"$(DERIVED_FILE_DIR)/Pods-Picture_practice-checkManifestLockResult.txt",
			);
			runOnlyForDeploymentPostprocessing = 0;
			shellPath = /bin/sh;
			shellScript = "diff \"${PODS_PODFILE_DIR_PATH}/Podfile.lock\" \"${PODS_ROOT}/Manifest.lock\" > /dev/null\nif [ $? != 0 ] ; then\n    # print error to STDERR\n    echo \"error: The sandbox is not in sync with the Podfile.lock. Run 'pod install' or update your CocoaPods installation.\" >&2\n    exit 1\nfi\n# This output is used by Xcode 'outputs' to avoid re-running this script phase.\necho \"SUCCESS\" > \"${SCRIPT_OUTPUT_FILE_0}\"\n";
			showEnvVarsInLog = 0;
		};
		F51875AC8D5BD9F016CFAD64 /* [CP] Embed Pods Frameworks */ = {
			isa = PBXShellScriptBuildPhase;
			buildActionMask = 2147483647;
			files = (
			);
			inputFileListPaths = (
				"${PODS_ROOT}/Target Support Files/Pods-Picture_practice/Pods-Picture_practice-frameworks-${CONFIGURATION}-input-files.xcfilelist",
			);
			name = "[CP] Embed Pods Frameworks";
			outputFileListPaths = (
				"${PODS_ROOT}/Target Support Files/Pods-Picture_practice/Pods-Picture_practice-frameworks-${CONFIGURATION}-output-files.xcfilelist",
			);
			runOnlyForDeploymentPostprocessing = 0;
			shellPath = /bin/sh;
			shellScript = "\"${PODS_ROOT}/Target Support Files/Pods-Picture_practice/Pods-Picture_practice-frameworks.sh\"\n";
			showEnvVarsInLog = 0;
		};
/* End PBXShellScriptBuildPhase section */

/* Begin PBXSourcesBuildPhase section */
		6DC1A2FA286558C400AA9D8B /* Sources */ = {
			isa = PBXSourcesBuildPhase;
			buildActionMask = 2147483647;
			files = (
				6DC1A306286558C400AA9D8B /* ViewController.swift in Sources */,
				6DC1A302286558C400AA9D8B /* AppDelegate.swift in Sources */,
				6DC1A304286558C400AA9D8B /* SceneDelegate.swift in Sources */,
			);
			runOnlyForDeploymentPostprocessing = 0;
		};
/* End PBXSourcesBuildPhase section */

/* Begin PBXVariantGroup section */
		6DC1A307286558C400AA9D8B /* Main.storyboard */ = {
			isa = PBXVariantGroup;
			children = (
				6DC1A308286558C400AA9D8B /* Base */,
			);
			name = Main.storyboard;
			sourceTree = "<group>";
		};
		6DC1A30C286558C900AA9D8B /* LaunchScreen.storyboard */ = {
			isa = PBXVariantGroup;
			children = (
				6DC1A30D286558C900AA9D8B /* Base */,
			);
			name = LaunchScreen.storyboard;
			sourceTree = "<group>";
		};
/* End PBXVariantGroup section */

/* Begin XCBuildConfiguration section */
		6DC1A310286558C900AA9D8B /* Debug */ = {
			isa = XCBuildConfiguration;
			buildSettings = {
				ALWAYS_SEARCH_USER_PATHS = NO;
				CLANG_ANALYZER_NONNULL = YES;
				CLANG_ANALYZER_NUMBER_OBJECT_CONVERSION = YES_AGGRESSIVE;
				CLANG_CXX_LANGUAGE_STANDARD = "gnu++17";
				CLANG_ENABLE_MODULES = YES;
				CLANG_ENABLE_OBJC_ARC = YES;
				CLANG_ENABLE_OBJC_WEAK = YES;
				CLANG_WARN_BLOCK_CAPTURE_AUTORELEASING = YES;
				CLANG_WARN_BOOL_CONVERSION = YES;
				CLANG_WARN_COMMA = YES;
				CLANG_WARN_CONSTANT_CONVERSION = YES;
				CLANG_WARN_DEPRECATED_OBJC_IMPLEMENTATIONS = YES;
				CLANG_WARN_DIRECT_OBJC_ISA_USAGE = YES_ERROR;
				CLANG_WARN_DOCUMENTATION_COMMENTS = YES;
				CLANG_WARN_EMPTY_BODY = YES;
				CLANG_WARN_ENUM_CONVERSION = YES;
				CLANG_WARN_INFINITE_RECURSION = YES;
				CLANG_WARN_INT_CONVERSION = YES;
				CLANG_WARN_NON_LITERAL_NULL_CONVERSION = YES;
				CLANG_WARN_OBJC_IMPLICIT_RETAIN_SELF = YES;
				CLANG_WARN_OBJC_LITERAL_CONVERSION = YES;
				CLANG_WARN_OBJC_ROOT_CLASS = YES_ERROR;
				CLANG_WARN_QUOTED_INCLUDE_IN_FRAMEWORK_HEADER = YES;
				CLANG_WARN_RANGE_LOOP_ANALYSIS = YES;
				CLANG_WARN_STRICT_PROTOTYPES = YES;
				CLANG_WARN_SUSPICIOUS_MOVE = YES;
				CLANG_WARN_UNGUARDED_AVAILABILITY = YES_AGGRESSIVE;
				CLANG_WARN_UNREACHABLE_CODE = YES;
				CLANG_WARN__DUPLICATE_METHOD_MATCH = YES;
				COPY_PHASE_STRIP = NO;
				DEBUG_INFORMATION_FORMAT = dwarf;
				ENABLE_STRICT_OBJC_MSGSEND = YES;
				ENABLE_TESTABILITY = YES;
				GCC_C_LANGUAGE_STANDARD = gnu11;
				GCC_DYNAMIC_NO_PIC = NO;
				GCC_NO_COMMON_BLOCKS = YES;
				GCC_OPTIMIZATION_LEVEL = 0;
				GCC_PREPROCESSOR_DEFINITIONS = (
					"DEBUG=1",
					"$(inherited)",
				);
				GCC_WARN_64_TO_32_BIT_CONVERSION = YES;
				GCC_WARN_ABOUT_RETURN_TYPE = YES_ERROR;
				GCC_WARN_UNDECLARED_SELECTOR = YES;
				GCC_WARN_UNINITIALIZED_AUTOS = YES_AGGRESSIVE;
				GCC_WARN_UNUSED_FUNCTION = YES;
				GCC_WARN_UNUSED_VARIABLE = YES;
				IPHONEOS_DEPLOYMENT_TARGET = 15.4;
				MTL_ENABLE_DEBUG_INFO = INCLUDE_SOURCE;
				MTL_FAST_MATH = YES;
				ONLY_ACTIVE_ARCH = YES;
				SDKROOT = iphoneos;
				SWIFT_ACTIVE_COMPILATION_CONDITIONS = DEBUG;
				SWIFT_OPTIMIZATION_LEVEL = "-Onone";
			};
			name = Debug;
		};
		6DC1A311286558C900AA9D8B /* Release */ = {
			isa = XCBuildConfiguration;
			buildSettings = {
				ALWAYS_SEARCH_USER_PATHS = NO;
				CLANG_ANALYZER_NONNULL = YES;
				CLANG_ANALYZER_NUMBER_OBJECT_CONVERSION = YES_AGGRESSIVE;
				CLANG_CXX_LANGUAGE_STANDARD = "gnu++17";
				CLANG_ENABLE_MODULES = YES;
				CLANG_ENABLE_OBJC_ARC = YES;
				CLANG_ENABLE_OBJC_WEAK = YES;
				CLANG_WARN_BLOCK_CAPTURE_AUTORELEASING = YES;
				CLANG_WARN_BOOL_CONVERSION = YES;
				CLANG_WARN_COMMA = YES;
				CLANG_WARN_CONSTANT_CONVERSION = YES;
				CLANG_WARN_DEPRECATED_OBJC_IMPLEMENTATIONS = YES;
				CLANG_WARN_DIRECT_OBJC_ISA_USAGE = YES_ERROR;
				CLANG_WARN_DOCUMENTATION_COMMENTS = YES;
				CLANG_WARN_EMPTY_BODY = YES;
				CLANG_WARN_ENUM_CONVERSION = YES;
				CLANG_WARN_INFINITE_RECURSION = YES;
				CLANG_WARN_INT_CONVERSION = YES;
				CLANG_WARN_NON_LITERAL_NULL_CONVERSION = YES;
				CLANG_WARN_OBJC_IMPLICIT_RETAIN_SELF = YES;
				CLANG_WARN_OBJC_LITERAL_CONVERSION = YES;
				CLANG_WARN_OBJC_ROOT_CLASS = YES_ERROR;
				CLANG_WARN_QUOTED_INCLUDE_IN_FRAMEWORK_HEADER = YES;
				CLANG_WARN_RANGE_LOOP_ANALYSIS = YES;
				CLANG_WARN_STRICT_PROTOTYPES = YES;
				CLANG_WARN_SUSPICIOUS_MOVE = YES;
				CLANG_WARN_UNGUARDED_AVAILABILITY = YES_AGGRESSIVE;
				CLANG_WARN_UNREACHABLE_CODE = YES;
				CLANG_WARN__DUPLICATE_METHOD_MATCH = YES;
				COPY_PHASE_STRIP = NO;
				DEBUG_INFORMATION_FORMAT = "dwarf-with-dsym";
				ENABLE_NS_ASSERTIONS = NO;
				ENABLE_STRICT_OBJC_MSGSEND = YES;
				GCC_C_LANGUAGE_STANDARD = gnu11;
				GCC_NO_COMMON_BLOCKS = YES;
				GCC_WARN_64_TO_32_BIT_CONVERSION = YES;
				GCC_WARN_ABOUT_RETURN_TYPE = YES_ERROR;
				GCC_WARN_UNDECLARED_SELECTOR = YES;
				GCC_WARN_UNINITIALIZED_AUTOS = YES_AGGRESSIVE;
				GCC_WARN_UNUSED_FUNCTION = YES;
				GCC_WARN_UNUSED_VARIABLE = YES;
				IPHONEOS_DEPLOYMENT_TARGET = 15.4;
				MTL_ENABLE_DEBUG_INFO = NO;
				MTL_FAST_MATH = YES;
				SDKROOT = iphoneos;
				SWIFT_COMPILATION_MODE = wholemodule;
				SWIFT_OPTIMIZATION_LEVEL = "-O";
				VALIDATE_PRODUCT = YES;
			};
			name = Release;
		};
		6DC1A313286558C900AA9D8B /* Debug */ = {
			isa = XCBuildConfiguration;
			baseConfigurationReference = B776A4A0917660E1D9947E10 /* Pods-Picture_practice.debug.xcconfig */;
			buildSettings = {
				ASSETCATALOG_COMPILER_APPICON_NAME = AppIcon;
				ASSETCATALOG_COMPILER_GLOBAL_ACCENT_COLOR_NAME = AccentColor;
				CODE_SIGN_STYLE = Automatic;
				CURRENT_PROJECT_VERSION = 1;
				DEVELOPMENT_TEAM = B2XR5545F7;
				GENERATE_INFOPLIST_FILE = YES;
				INFOPLIST_FILE = Picture_practice/Info.plist;
				INFOPLIST_KEY_UIApplicationSupportsIndirectInputEvents = YES;
				INFOPLIST_KEY_UILaunchStoryboardName = LaunchScreen;
				INFOPLIST_KEY_UIMainStoryboardFile = Main;
				INFOPLIST_KEY_UISupportedInterfaceOrientations_iPad = "UIInterfaceOrientationPortrait UIInterfaceOrientationPortraitUpsideDown UIInterfaceOrientationLandscapeLeft UIInterfaceOrientationLandscapeRight";
				INFOPLIST_KEY_UISupportedInterfaceOrientations_iPhone = "UIInterfaceOrientationPortrait UIInterfaceOrientationLandscapeLeft UIInterfaceOrientationLandscapeRight";
				LD_RUNPATH_SEARCH_PATHS = (
					"$(inherited)",
					"@executable_path/Frameworks",
				);
				MARKETING_VERSION = 1.0;
				PRODUCT_BUNDLE_IDENTIFIER = "Jeonhui.Picture-practice";
				PRODUCT_NAME = "$(TARGET_NAME)";
				SWIFT_EMIT_LOC_STRINGS = YES;
				SWIFT_VERSION = 5.0;
				TARGETED_DEVICE_FAMILY = "1,2";
			};
			name = Debug;
		};
		6DC1A314286558C900AA9D8B /* Release */ = {
			isa = XCBuildConfiguration;
			baseConfigurationReference = F70F62FF1C86CE101BBBAA31 /* Pods-Picture_practice.release.xcconfig */;
			buildSettings = {
				ASSETCATALOG_COMPILER_APPICON_NAME = AppIcon;
				ASSETCATALOG_COMPILER_GLOBAL_ACCENT_COLOR_NAME = AccentColor;
				CODE_SIGN_STYLE = Automatic;
				CURRENT_PROJECT_VERSION = 1;
				DEVELOPMENT_TEAM = B2XR5545F7;
				GENERATE_INFOPLIST_FILE = YES;
				INFOPLIST_FILE = Picture_practice/Info.plist;
				INFOPLIST_KEY_UIApplicationSupportsIndirectInputEvents = YES;
				INFOPLIST_KEY_UILaunchStoryboardName = LaunchScreen;
				INFOPLIST_KEY_UIMainStoryboardFile = Main;
				INFOPLIST_KEY_UISupportedInterfaceOrientations_iPad = "UIInterfaceOrientationPortrait UIInterfaceOrientationPortraitUpsideDown UIInterfaceOrientationLandscapeLeft UIInterfaceOrientationLandscapeRight";
				INFOPLIST_KEY_UISupportedInterfaceOrientations_iPhone = "UIInterfaceOrientationPortrait UIInterfaceOrientationLandscapeLeft UIInterfaceOrientationLandscapeRight";
				LD_RUNPATH_SEARCH_PATHS = (
					"$(inherited)",
					"@executable_path/Frameworks",
				);
				MARKETING_VERSION = 1.0;
				PRODUCT_BUNDLE_IDENTIFIER = "Jeonhui.Picture-practice";
				PRODUCT_NAME = "$(TARGET_NAME)";
				SWIFT_EMIT_LOC_STRINGS = YES;
				SWIFT_VERSION = 5.0;
				TARGETED_DEVICE_FAMILY = "1,2";
			};
			name = Release;
		};
/* End XCBuildConfiguration section */

/* Begin XCConfigurationList section */
		6DC1A2F9286558C400AA9D8B /* Build configuration list for PBXProject "Picture_practice" */ = {
			isa = XCConfigurationList;
			buildConfigurations = (
				6DC1A310286558C900AA9D8B /* Debug */,
				6DC1A311286558C900AA9D8B /* Release */,
			);
			defaultConfigurationIsVisible = 0;
			defaultConfigurationName = Release;
		};
		6DC1A312286558C900AA9D8B /* Build configuration list for PBXNativeTarget "Picture_practice" */ = {
			isa = XCConfigurationList;
			buildConfigurations = (
				6DC1A313286558C900AA9D8B /* Debug */,
				6DC1A314286558C900AA9D8B /* Release */,
			);
			defaultConfigurationIsVisible = 0;
			defaultConfigurationName = Release;
		};
/* End XCConfigurationList section */
	};
	rootObject = 6DC1A2F6286558C400AA9D8B /* Project object */;
}
