// !$*UTF8*$!
{
	archiveVersion = 1;
	classes = {
	};
	objectVersion = 55;
	objects = {

/* Begin PBXBuildFile section */
		A51B199E279FCE330012BEAD /* chatBaseApp.swift in Sources */ = {isa = PBXBuildFile; fileRef = A51B199D279FCE330012BEAD /* chatBaseApp.swift */; };
		A51B19A0279FCE330012BEAD /* LoginView.swift in Sources */ = {isa = PBXBuildFile; fileRef = A51B199F279FCE330012BEAD /* LoginView.swift */; };
		A51B19A2279FCE350012BEAD /* Assets.xcassets in Resources */ = {isa = PBXBuildFile; fileRef = A51B19A1279FCE350012BEAD /* Assets.xcassets */; };
		A51B19A5279FCE350012BEAD /* Preview Assets.xcassets in Resources */ = {isa = PBXBuildFile; fileRef = A51B19A4279FCE350012BEAD /* Preview Assets.xcassets */; };
		A51B19B3279FE4740012BEAD /* github_logo.png in Resources */ = {isa = PBXBuildFile; fileRef = A51B19B2279FE4740012BEAD /* github_logo.png */; };
		A55A234627A5037C00A36B2A /* ChatUser.swift in Sources */ = {isa = PBXBuildFile; fileRef = A55A234527A5037C00A36B2A /* ChatUser.swift */; };
		A5927B4027B3960B00D51BC8 /* GoogleService-Info.plist in Resources */ = {isa = PBXBuildFile; fileRef = A5927B3F27B3960B00D51BC8 /* GoogleService-Info.plist */; };
		A5A12F2927A2675B003794A2 /* MainMessagesView.swift in Sources */ = {isa = PBXBuildFile; fileRef = A5A12F2827A2675B003794A2 /* MainMessagesView.swift */; };
		A5A12F2C27A27AD7003794A2 /* FirebaseManger.swift in Sources */ = {isa = PBXBuildFile; fileRef = A5A12F2B27A27AD7003794A2 /* FirebaseManger.swift */; };
		A5A12F2F27A28A9D003794A2 /* SDWebImageSwiftUI in Frameworks */ = {isa = PBXBuildFile; productRef = A5A12F2E27A28A9D003794A2 /* SDWebImageSwiftUI */; };
		A5B5C59127AE42A6000A025D /* RecentMessage.swift in Sources */ = {isa = PBXBuildFile; fileRef = A5B5C59027AE42A6000A025D /* RecentMessage.swift */; };
		A5B5C59327AE430D000A025D /* ChatMessage.swift in Sources */ = {isa = PBXBuildFile; fileRef = A5B5C59227AE430D000A025D /* ChatMessage.swift */; };
		A5B5C59627AE443C000A025D /* FirebaseAuth in Frameworks */ = {isa = PBXBuildFile; productRef = A5B5C59527AE443C000A025D /* FirebaseAuth */; };
		A5B5C59827AE443C000A025D /* FirebaseFirestore in Frameworks */ = {isa = PBXBuildFile; productRef = A5B5C59727AE443C000A025D /* FirebaseFirestore */; };
		A5B5C59A27AE443D000A025D /* FirebaseFirestoreSwift-Beta in Frameworks */ = {isa = PBXBuildFile; productRef = A5B5C59927AE443D000A025D /* FirebaseFirestoreSwift-Beta */; };
		A5B5C59C27AE443D000A025D /* FirebaseStorage in Frameworks */ = {isa = PBXBuildFile; productRef = A5B5C59B27AE443D000A025D /* FirebaseStorage */; };
		A5B5C59E27AE56D7000A025D /* FirebaseConstants.swift in Sources */ = {isa = PBXBuildFile; fileRef = A5B5C59D27AE56D7000A025D /* FirebaseConstants.swift */; };
		A5D5D22027AB8206000AD881 /* CreateNewMessageView.swift in Sources */ = {isa = PBXBuildFile; fileRef = A5D5D21F27AB8206000AD881 /* CreateNewMessageView.swift */; };
		A5D5D22327ABA049000AD881 /* ChatLogView.swift in Sources */ = {isa = PBXBuildFile; fileRef = A5D5D22227ABA049000AD881 /* ChatLogView.swift */; };
		A5D5E00927A0E9C7004368E9 /* ImagePicker.swift in Sources */ = {isa = PBXBuildFile; fileRef = A5D5E00827A0E9C7004368E9 /* ImagePicker.swift */; };
/* End PBXBuildFile section */

/* Begin PBXFileReference section */
		A51B199A279FCE330012BEAD /* chatBase.app */ = {isa = PBXFileReference; explicitFileType = wrapper.application; includeInIndex = 0; path = chatBase.app; sourceTree = BUILT_PRODUCTS_DIR; };
		A51B199D279FCE330012BEAD /* chatBaseApp.swift */ = {isa = PBXFileReference; lastKnownFileType = sourcecode.swift; path = chatBaseApp.swift; sourceTree = "<group>"; };
		A51B199F279FCE330012BEAD /* LoginView.swift */ = {isa = PBXFileReference; lastKnownFileType = sourcecode.swift; path = LoginView.swift; sourceTree = "<group>"; };
		A51B19A1279FCE350012BEAD /* Assets.xcassets */ = {isa = PBXFileReference; lastKnownFileType = folder.assetcatalog; path = Assets.xcassets; sourceTree = "<group>"; };
		A51B19A4279FCE350012BEAD /* Preview Assets.xcassets */ = {isa = PBXFileReference; lastKnownFileType = folder.assetcatalog; path = "Preview Assets.xcassets"; sourceTree = "<group>"; };
		A51B19B2279FE4740012BEAD /* github_logo.png */ = {isa = PBXFileReference; lastKnownFileType = image.png; path = github_logo.png; sourceTree = "<group>"; };
		A55A234527A5037C00A36B2A /* ChatUser.swift */ = {isa = PBXFileReference; lastKnownFileType = sourcecode.swift; path = ChatUser.swift; sourceTree = "<group>"; };
		A5927B3F27B3960B00D51BC8 /* GoogleService-Info.plist */ = {isa = PBXFileReference; fileEncoding = 4; lastKnownFileType = text.plist.xml; path = "GoogleService-Info.plist"; sourceTree = "<group>"; };
		A5A12F2827A2675B003794A2 /* MainMessagesView.swift */ = {isa = PBXFileReference; lastKnownFileType = sourcecode.swift; path = MainMessagesView.swift; sourceTree = "<group>"; };
		A5A12F2B27A27AD7003794A2 /* FirebaseManger.swift */ = {isa = PBXFileReference; lastKnownFileType = sourcecode.swift; path = FirebaseManger.swift; sourceTree = "<group>"; };
		A5B5C59027AE42A6000A025D /* RecentMessage.swift */ = {isa = PBXFileReference; lastKnownFileType = sourcecode.swift; path = RecentMessage.swift; sourceTree = "<group>"; };
		A5B5C59227AE430D000A025D /* ChatMessage.swift */ = {isa = PBXFileReference; lastKnownFileType = sourcecode.swift; path = ChatMessage.swift; sourceTree = "<group>"; };
		A5B5C59D27AE56D7000A025D /* FirebaseConstants.swift */ = {isa = PBXFileReference; lastKnownFileType = sourcecode.swift; path = FirebaseConstants.swift; sourceTree = "<group>"; };
		A5D5D21F27AB8206000AD881 /* CreateNewMessageView.swift */ = {isa = PBXFileReference; lastKnownFileType = sourcecode.swift; path = CreateNewMessageView.swift; sourceTree = "<group>"; };
		A5D5D22227ABA049000AD881 /* ChatLogView.swift */ = {isa = PBXFileReference; lastKnownFileType = sourcecode.swift; path = ChatLogView.swift; sourceTree = "<group>"; };
		A5D5E00827A0E9C7004368E9 /* ImagePicker.swift */ = {isa = PBXFileReference; lastKnownFileType = sourcecode.swift; path = ImagePicker.swift; sourceTree = "<group>"; };
/* End PBXFileReference section */

/* Begin PBXFrameworksBuildPhase section */
		A51B1997279FCE330012BEAD /* Frameworks */ = {
			isa = PBXFrameworksBuildPhase;
			buildActionMask = 2147483647;
			files = (
				A5A12F2F27A28A9D003794A2 /* SDWebImageSwiftUI in Frameworks */,
				A5B5C59A27AE443D000A025D /* FirebaseFirestoreSwift-Beta in Frameworks */,
				A5B5C59627AE443C000A025D /* FirebaseAuth in Frameworks */,
				A5B5C59C27AE443D000A025D /* FirebaseStorage in Frameworks */,
				A5B5C59827AE443C000A025D /* FirebaseFirestore in Frameworks */,
			);
			runOnlyForDeploymentPostprocessing = 0;
		};
/* End PBXFrameworksBuildPhase section */

/* Begin PBXGroup section */
		A51B1991279FCE330012BEAD = {
			isa = PBXGroup;
			children = (
				A51B199C279FCE330012BEAD /* chatBase */,
				A51B199B279FCE330012BEAD /* Products */,
			);
			sourceTree = "<group>";
		};
		A51B199B279FCE330012BEAD /* Products */ = {
			isa = PBXGroup;
			children = (
				A51B199A279FCE330012BEAD /* chatBase.app */,
			);
			name = Products;
			sourceTree = "<group>";
		};
		A51B199C279FCE330012BEAD /* chatBase */ = {
			isa = PBXGroup;
			children = (
				A5927B3F27B3960B00D51BC8 /* GoogleService-Info.plist */,
				A55A234427A5035800A36B2A /* Model */,
				A5A12F2A27A27ABE003794A2 /* Utils */,
				A5A12F2727A2672E003794A2 /* MainMessages */,
				A51B19B2279FE4740012BEAD /* github_logo.png */,
				A51B199D279FCE330012BEAD /* chatBaseApp.swift */,
				A51B199F279FCE330012BEAD /* LoginView.swift */,
				A51B19A1279FCE350012BEAD /* Assets.xcassets */,
				A51B19A3279FCE350012BEAD /* Preview Content */,
				A5D5E00827A0E9C7004368E9 /* ImagePicker.swift */,
			);
			path = chatBase;
			sourceTree = "<group>";
		};
		A51B19A3279FCE350012BEAD /* Preview Content */ = {
			isa = PBXGroup;
			children = (
				A51B19A4279FCE350012BEAD /* Preview Assets.xcassets */,
			);
			path = "Preview Content";
			sourceTree = "<group>";
		};
		A55A234427A5035800A36B2A /* Model */ = {
			isa = PBXGroup;
			children = (
				A55A234527A5037C00A36B2A /* ChatUser.swift */,
				A5B5C59027AE42A6000A025D /* RecentMessage.swift */,
				A5B5C59227AE430D000A025D /* ChatMessage.swift */,
			);
			path = Model;
			sourceTree = "<group>";
		};
		A5A12F2727A2672E003794A2 /* MainMessages */ = {
			isa = PBXGroup;
			children = (
				A5D5D22127ABA033000AD881 /* Chat */,
				A5D5D21E27AB81E7000AD881 /* NewMessage */,
				A5A12F2827A2675B003794A2 /* MainMessagesView.swift */,
			);
			path = MainMessages;
			sourceTree = "<group>";
		};
		A5A12F2A27A27ABE003794A2 /* Utils */ = {
			isa = PBXGroup;
			children = (
				A5A12F2B27A27AD7003794A2 /* FirebaseManger.swift */,
				A5B5C59D27AE56D7000A025D /* FirebaseConstants.swift */,
			);
			path = Utils;
			sourceTree = "<group>";
		};
		A5D5D21E27AB81E7000AD881 /* NewMessage */ = {
			isa = PBXGroup;
			children = (
				A5D5D21F27AB8206000AD881 /* CreateNewMessageView.swift */,
			);
			path = NewMessage;
			sourceTree = "<group>";
		};
		A5D5D22127ABA033000AD881 /* Chat */ = {
			isa = PBXGroup;
			children = (
				A5D5D22227ABA049000AD881 /* ChatLogView.swift */,
			);
			path = Chat;
			sourceTree = "<group>";
		};
/* End PBXGroup section */

/* Begin PBXNativeTarget section */
		A51B1999279FCE330012BEAD /* chatBase */ = {
			isa = PBXNativeTarget;
			buildConfigurationList = A51B19A8279FCE350012BEAD /* Build configuration list for PBXNativeTarget "chatBase" */;
			buildPhases = (
				A51B1996279FCE330012BEAD /* Sources */,
				A51B1997279FCE330012BEAD /* Frameworks */,
				A51B1998279FCE330012BEAD /* Resources */,
			);
			buildRules = (
			);
			dependencies = (
			);
			name = chatBase;
			packageProductDependencies = (
				A5A12F2E27A28A9D003794A2 /* SDWebImageSwiftUI */,
				A5B5C59527AE443C000A025D /* FirebaseAuth */,
				A5B5C59727AE443C000A025D /* FirebaseFirestore */,
				A5B5C59927AE443D000A025D /* FirebaseFirestoreSwift-Beta */,
				A5B5C59B27AE443D000A025D /* FirebaseStorage */,
			);
			productName = study01;
			productReference = A51B199A279FCE330012BEAD /* chatBase.app */;
			productType = "com.apple.product-type.application";
		};
/* End PBXNativeTarget section */

/* Begin PBXProject section */
		A51B1992279FCE330012BEAD /* Project object */ = {
			isa = PBXProject;
			attributes = {
				BuildIndependentTargetsInParallel = 1;
				LastSwiftUpdateCheck = 1320;
				LastUpgradeCheck = 1320;
				TargetAttributes = {
					A51B1999279FCE330012BEAD = {
						CreatedOnToolsVersion = 13.2.1;
					};
				};
			};
			buildConfigurationList = A51B1995279FCE330012BEAD /* Build configuration list for PBXProject "chatBase" */;
			compatibilityVersion = "Xcode 13.0";
			developmentRegion = en;
			hasScannedForEncodings = 0;
			knownRegions = (
				en,
				Base,
			);
			mainGroup = A51B1991279FCE330012BEAD;
			packageReferences = (
				A5A12F2D27A28A9D003794A2 /* XCRemoteSwiftPackageReference "SDWebImageSwiftUI" */,
				A5B5C59427AE443C000A025D /* XCRemoteSwiftPackageReference "firebase-ios-sdk" */,
			);
			productRefGroup = A51B199B279FCE330012BEAD /* Products */;
			projectDirPath = "";
			projectRoot = "";
			targets = (
				A51B1999279FCE330012BEAD /* chatBase */,
			);
		};
/* End PBXProject section */

/* Begin PBXResourcesBuildPhase section */
		A51B1998279FCE330012BEAD /* Resources */ = {
			isa = PBXResourcesBuildPhase;
			buildActionMask = 2147483647;
			files = (
				A51B19A5279FCE350012BEAD /* Preview Assets.xcassets in Resources */,
				A5927B4027B3960B00D51BC8 /* GoogleService-Info.plist in Resources */,
				A51B19B3279FE4740012BEAD /* github_logo.png in Resources */,
				A51B19A2279FCE350012BEAD /* Assets.xcassets in Resources */,
			);
			runOnlyForDeploymentPostprocessing = 0;
		};
/* End PBXResourcesBuildPhase section */

/* Begin PBXSourcesBuildPhase section */
		A51B1996279FCE330012BEAD /* Sources */ = {
			isa = PBXSourcesBuildPhase;
			buildActionMask = 2147483647;
			files = (
				A55A234627A5037C00A36B2A /* ChatUser.swift in Sources */,
				A5D5D22327ABA049000AD881 /* ChatLogView.swift in Sources */,
				A5B5C59127AE42A6000A025D /* RecentMessage.swift in Sources */,
				A5B5C59327AE430D000A025D /* ChatMessage.swift in Sources */,
				A5D5E00927A0E9C7004368E9 /* ImagePicker.swift in Sources */,
				A5A12F2927A2675B003794A2 /* MainMessagesView.swift in Sources */,
				A51B19A0279FCE330012BEAD /* LoginView.swift in Sources */,
				A5D5D22027AB8206000AD881 /* CreateNewMessageView.swift in Sources */,
				A51B199E279FCE330012BEAD /* chatBaseApp.swift in Sources */,
				A5B5C59E27AE56D7000A025D /* FirebaseConstants.swift in Sources */,
				A5A12F2C27A27AD7003794A2 /* FirebaseManger.swift in Sources */,
			);
			runOnlyForDeploymentPostprocessing = 0;
		};
/* End PBXSourcesBuildPhase section */

/* Begin XCBuildConfiguration section */
		A51B19A6279FCE350012BEAD /* Debug */ = {
			isa = XCBuildConfiguration;
			buildSettings = {
				ALWAYS_SEARCH_USER_PATHS = NO;
				CLANG_ANALYZER_NONNULL = YES;
				CLANG_ANALYZER_NUMBER_OBJECT_CONVERSION = YES_AGGRESSIVE;
				CLANG_CXX_LANGUAGE_STANDARD = "gnu++17";
				CLANG_CXX_LIBRARY = "libc++";
				CLANG_ENABLE_MODULES = YES;
				CLANG_ENABLE_OBJC_ARC = YES;
				CLANG_ENABLE_OBJC_WEAK = YES;
				CLANG_WARN_BLOCK_CAPTURE_AUTORELEASING = YES;
				CLANG_WARN_BOOL_CONVERSION = YES;
				CLANG_WARN_COMMA = YES;
				CLANG_WARN_CONSTANT_CONVERSION = YES;
				CLANG_WARN_DEPRECATED_OBJC_IMPLEMENTATIONS = YES;
				CLANG_WARN_DIRECT_OBJC_ISA_USAGE = YES_ERROR;
				CLANG_WARN_DOCUMENTATION_COMMENTS = YES;
				CLANG_WARN_EMPTY_BODY = YES;
				CLANG_WARN_ENUM_CONVERSION = YES;
				CLANG_WARN_INFINITE_RECURSION = YES;
				CLANG_WARN_INT_CONVERSION = YES;
				CLANG_WARN_NON_LITERAL_NULL_CONVERSION = YES;
				CLANG_WARN_OBJC_IMPLICIT_RETAIN_SELF = YES;
				CLANG_WARN_OBJC_LITERAL_CONVERSION = YES;
				CLANG_WARN_OBJC_ROOT_CLASS = YES_ERROR;
				CLANG_WARN_QUOTED_INCLUDE_IN_FRAMEWORK_HEADER = YES;
				CLANG_WARN_RANGE_LOOP_ANALYSIS = YES;
				CLANG_WARN_STRICT_PROTOTYPES = YES;
				CLANG_WARN_SUSPICIOUS_MOVE = YES;
				CLANG_WARN_UNGUARDED_AVAILABILITY = YES_AGGRESSIVE;
				CLANG_WARN_UNREACHABLE_CODE = YES;
				CLANG_WARN__DUPLICATE_METHOD_MATCH = YES;
				COPY_PHASE_STRIP = NO;
				DEBUG_INFORMATION_FORMAT = dwarf;
				ENABLE_STRICT_OBJC_MSGSEND = YES;
				ENABLE_TESTABILITY = YES;
				GCC_C_LANGUAGE_STANDARD = gnu11;
				GCC_DYNAMIC_NO_PIC = NO;
				GCC_NO_COMMON_BLOCKS = YES;
				GCC_OPTIMIZATION_LEVEL = 0;
				GCC_PREPROCESSOR_DEFINITIONS = (
					"DEBUG=1",
					"$(inherited)",
				);
				GCC_WARN_64_TO_32_BIT_CONVERSION = YES;
				GCC_WARN_ABOUT_RETURN_TYPE = YES_ERROR;
				GCC_WARN_UNDECLARED_SELECTOR = YES;
				GCC_WARN_UNINITIALIZED_AUTOS = YES_AGGRESSIVE;
				GCC_WARN_UNUSED_FUNCTION = YES;
				GCC_WARN_UNUSED_VARIABLE = YES;
				IPHONEOS_DEPLOYMENT_TARGET = 15.2;
				MTL_ENABLE_DEBUG_INFO = INCLUDE_SOURCE;
				MTL_FAST_MATH = YES;
				ONLY_ACTIVE_ARCH = YES;
				SDKROOT = iphoneos;
				SWIFT_ACTIVE_COMPILATION_CONDITIONS = DEBUG;
				SWIFT_OPTIMIZATION_LEVEL = "-Onone";
			};
			name = Debug;
		};
		A51B19A7279FCE350012BEAD /* Release */ = {
			isa = XCBuildConfiguration;
			buildSettings = {
				ALWAYS_SEARCH_USER_PATHS = NO;
				CLANG_ANALYZER_NONNULL = YES;
				CLANG_ANALYZER_NUMBER_OBJECT_CONVERSION = YES_AGGRESSIVE;
				CLANG_CXX_LANGUAGE_STANDARD = "gnu++17";
				CLANG_CXX_LIBRARY = "libc++";
				CLANG_ENABLE_MODULES = YES;
				CLANG_ENABLE_OBJC_ARC = YES;
				CLANG_ENABLE_OBJC_WEAK = YES;
				CLANG_WARN_BLOCK_CAPTURE_AUTORELEASING = YES;
				CLANG_WARN_BOOL_CONVERSION = YES;
				CLANG_WARN_COMMA = YES;
				CLANG_WARN_CONSTANT_CONVERSION = YES;
				CLANG_WARN_DEPRECATED_OBJC_IMPLEMENTATIONS = YES;
				CLANG_WARN_DIRECT_OBJC_ISA_USAGE = YES_ERROR;
				CLANG_WARN_DOCUMENTATION_COMMENTS = YES;
				CLANG_WARN_EMPTY_BODY = YES;
				CLANG_WARN_ENUM_CONVERSION = YES;
				CLANG_WARN_INFINITE_RECURSION = YES;
				CLANG_WARN_INT_CONVERSION = YES;
				CLANG_WARN_NON_LITERAL_NULL_CONVERSION = YES;
				CLANG_WARN_OBJC_IMPLICIT_RETAIN_SELF = YES;
				CLANG_WARN_OBJC_LITERAL_CONVERSION = YES;
				CLANG_WARN_OBJC_ROOT_CLASS = YES_ERROR;
				CLANG_WARN_QUOTED_INCLUDE_IN_FRAMEWORK_HEADER = YES;
				CLANG_WARN_RANGE_LOOP_ANALYSIS = YES;
				CLANG_WARN_STRICT_PROTOTYPES = YES;
				CLANG_WARN_SUSPICIOUS_MOVE = YES;
				CLANG_WARN_UNGUARDED_AVAILABILITY = YES_AGGRESSIVE;
				CLANG_WARN_UNREACHABLE_CODE = YES;
				CLANG_WARN__DUPLICATE_METHOD_MATCH = YES;
				COPY_PHASE_STRIP = NO;
				DEBUG_INFORMATION_FORMAT = "dwarf-with-dsym";
				ENABLE_NS_ASSERTIONS = NO;
				ENABLE_STRICT_OBJC_MSGSEND = YES;
				GCC_C_LANGUAGE_STANDARD = gnu11;
				GCC_NO_COMMON_BLOCKS = YES;
				GCC_WARN_64_TO_32_BIT_CONVERSION = YES;
				GCC_WARN_ABOUT_RETURN_TYPE = YES_ERROR;
				GCC_WARN_UNDECLARED_SELECTOR = YES;
				GCC_WARN_UNINITIALIZED_AUTOS = YES_AGGRESSIVE;
				GCC_WARN_UNUSED_FUNCTION = YES;
				GCC_WARN_UNUSED_VARIABLE = YES;
				IPHONEOS_DEPLOYMENT_TARGET = 15.2;
				MTL_ENABLE_DEBUG_INFO = NO;
				MTL_FAST_MATH = YES;
				SDKROOT = iphoneos;
				SWIFT_COMPILATION_MODE = wholemodule;
				SWIFT_OPTIMIZATION_LEVEL = "-O";
				VALIDATE_PRODUCT = YES;
			};
			name = Release;
		};
		A51B19A9279FCE350012BEAD /* Debug */ = {
			isa = XCBuildConfiguration;
			buildSettings = {
				ASSETCATALOG_COMPILER_APPICON_NAME = AppIcon;
				ASSETCATALOG_COMPILER_GLOBAL_ACCENT_COLOR_NAME = AccentColor;
				CODE_SIGN_STYLE = Automatic;
				CURRENT_PROJECT_VERSION = 1;
				DEVELOPMENT_ASSET_PATHS = "\"chatBase/Preview Content\"";
				DEVELOPMENT_TEAM = B2XR5545F7;
				ENABLE_PREVIEWS = YES;
				GENERATE_INFOPLIST_FILE = YES;
				INFOPLIST_KEY_UIApplicationSceneManifest_Generation = YES;
				INFOPLIST_KEY_UIApplicationSupportsIndirectInputEvents = YES;
				INFOPLIST_KEY_UILaunchScreen_Generation = YES;
				INFOPLIST_KEY_UISupportedInterfaceOrientations_iPad = "UIInterfaceOrientationPortrait UIInterfaceOrientationPortraitUpsideDown UIInterfaceOrientationLandscapeLeft UIInterfaceOrientationLandscapeRight";
				INFOPLIST_KEY_UISupportedInterfaceOrientations_iPhone = "UIInterfaceOrientationPortrait UIInterfaceOrientationLandscapeLeft UIInterfaceOrientationLandscapeRight";
				LD_RUNPATH_SEARCH_PATHS = (
					"$(inherited)",
					"@executable_path/Frameworks",
				);
				MARKETING_VERSION = 1.0;
				PRODUCT_BUNDLE_IDENTIFIER = dlwjsgml02.chatBase;
				PRODUCT_NAME = chatBase;
				SWIFT_EMIT_LOC_STRINGS = YES;
				SWIFT_VERSION = 5.0;
				TARGETED_DEVICE_FAMILY = "1,2";
			};
			name = Debug;
		};
		A51B19AA279FCE350012BEAD /* Release */ = {
			isa = XCBuildConfiguration;
			buildSettings = {
				ASSETCATALOG_COMPILER_APPICON_NAME = AppIcon;
				ASSETCATALOG_COMPILER_GLOBAL_ACCENT_COLOR_NAME = AccentColor;
				CODE_SIGN_STYLE = Automatic;
				CURRENT_PROJECT_VERSION = 1;
				DEVELOPMENT_ASSET_PATHS = "\"chatBase/Preview Content\"";
				DEVELOPMENT_TEAM = B2XR5545F7;
				ENABLE_PREVIEWS = YES;
				GENERATE_INFOPLIST_FILE = YES;
				INFOPLIST_KEY_UIApplicationSceneManifest_Generation = YES;
				INFOPLIST_KEY_UIApplicationSupportsIndirectInputEvents = YES;
				INFOPLIST_KEY_UILaunchScreen_Generation = YES;
				INFOPLIST_KEY_UISupportedInterfaceOrientations_iPad = "UIInterfaceOrientationPortrait UIInterfaceOrientationPortraitUpsideDown UIInterfaceOrientationLandscapeLeft UIInterfaceOrientationLandscapeRight";
				INFOPLIST_KEY_UISupportedInterfaceOrientations_iPhone = "UIInterfaceOrientationPortrait UIInterfaceOrientationLandscapeLeft UIInterfaceOrientationLandscapeRight";
				LD_RUNPATH_SEARCH_PATHS = (
					"$(inherited)",
					"@executable_path/Frameworks",
				);
				MARKETING_VERSION = 1.0;
				PRODUCT_BUNDLE_IDENTIFIER = dlwjsgml02.chatBase;
				PRODUCT_NAME = chatBase;
				SWIFT_EMIT_LOC_STRINGS = YES;
				SWIFT_VERSION = 5.0;
				TARGETED_DEVICE_FAMILY = "1,2";
			};
			name = Release;
		};
/* End XCBuildConfiguration section */

/* Begin XCConfigurationList section */
		A51B1995279FCE330012BEAD /* Build configuration list for PBXProject "chatBase" */ = {
			isa = XCConfigurationList;
			buildConfigurations = (
				A51B19A6279FCE350012BEAD /* Debug */,
				A51B19A7279FCE350012BEAD /* Release */,
			);
			defaultConfigurationIsVisible = 0;
			defaultConfigurationName = Release;
		};
		A51B19A8279FCE350012BEAD /* Build configuration list for PBXNativeTarget "chatBase" */ = {
			isa = XCConfigurationList;
			buildConfigurations = (
				A51B19A9279FCE350012BEAD /* Debug */,
				A51B19AA279FCE350012BEAD /* Release */,
			);
			defaultConfigurationIsVisible = 0;
			defaultConfigurationName = Release;
		};
/* End XCConfigurationList section */

/* Begin XCRemoteSwiftPackageReference section */
		A5A12F2D27A28A9D003794A2 /* XCRemoteSwiftPackageReference "SDWebImageSwiftUI" */ = {
			isa = XCRemoteSwiftPackageReference;
			repositoryURL = "https://github.com/SDWebImage/SDWebImageSwiftUI";
			requirement = {
				kind = upToNextMajorVersion;
				minimumVersion = 2.0.0;
			};
		};
		A5B5C59427AE443C000A025D /* XCRemoteSwiftPackageReference "firebase-ios-sdk" */ = {
			isa = XCRemoteSwiftPackageReference;
			repositoryURL = "https://github.com/firebase/firebase-ios-sdk";
			requirement = {
				kind = upToNextMajorVersion;
				minimumVersion = 8.0.0;
			};
		};
/* End XCRemoteSwiftPackageReference section */

/* Begin XCSwiftPackageProductDependency section */
		A5A12F2E27A28A9D003794A2 /* SDWebImageSwiftUI */ = {
			isa = XCSwiftPackageProductDependency;
			package = A5A12F2D27A28A9D003794A2 /* XCRemoteSwiftPackageReference "SDWebImageSwiftUI" */;
			productName = SDWebImageSwiftUI;
		};
		A5B5C59527AE443C000A025D /* FirebaseAuth */ = {
			isa = XCSwiftPackageProductDependency;
			package = A5B5C59427AE443C000A025D /* XCRemoteSwiftPackageReference "firebase-ios-sdk" */;
			productName = FirebaseAuth;
		};
		A5B5C59727AE443C000A025D /* FirebaseFirestore */ = {
			isa = XCSwiftPackageProductDependency;
			package = A5B5C59427AE443C000A025D /* XCRemoteSwiftPackageReference "firebase-ios-sdk" */;
			productName = FirebaseFirestore;
		};
		A5B5C59927AE443D000A025D /* FirebaseFirestoreSwift-Beta */ = {
			isa = XCSwiftPackageProductDependency;
			package = A5B5C59427AE443C000A025D /* XCRemoteSwiftPackageReference "firebase-ios-sdk" */;
			productName = "FirebaseFirestoreSwift-Beta";
		};
		A5B5C59B27AE443D000A025D /* FirebaseStorage */ = {
			isa = XCSwiftPackageProductDependency;
			package = A5B5C59427AE443C000A025D /* XCRemoteSwiftPackageReference "firebase-ios-sdk" */;
			productName = FirebaseStorage;
		};
/* End XCSwiftPackageProductDependency section */
	};
	rootObject = A51B1992279FCE330012BEAD /* Project object */;
}
