// !$*UTF8*$!
{
	archiveVersion = 1;
	classes = {
	};
	objectVersion = 55;
	objects = {

/* Begin PBXBuildFile section */
		6D5FC755283622FD0031DE20 /* AppDelegate.swift in Sources */ = {isa = PBXBuildFile; fileRef = 6D5FC754283622FD0031DE20 /* AppDelegate.swift */; };
		6D5FC757283622FD0031DE20 /* SceneDelegate.swift in Sources */ = {isa = PBXBuildFile; fileRef = 6D5FC756283622FD0031DE20 /* SceneDelegate.swift */; };
		6D5FC75C283622FD0031DE20 /* Main.storyboard in Resources */ = {isa = PBXBuildFile; fileRef = 6D5FC75A283622FD0031DE20 /* Main.storyboard */; };
		6D5FC75E283622FF0031DE20 /* Assets.xcassets in Resources */ = {isa = PBXBuildFile; fileRef = 6D5FC75D283622FF0031DE20 /* Assets.xcassets */; };
		6D5FC761283622FF0031DE20 /* LaunchScreen.storyboard in Resources */ = {isa = PBXBuildFile; fileRef = 6D5FC75F283622FF0031DE20 /* LaunchScreen.storyboard */; };
		6D5FC7692836236F0031DE20 /* TableViewController.swift in Sources */ = {isa = PBXBuildFile; fileRef = 6D5FC7682836236F0031DE20 /* TableViewController.swift */; };
		6D5FC76B283625F20031DE20 /* DetailViewController.swift in Sources */ = {isa = PBXBuildFile; fileRef = 6D5FC76A283625F20031DE20 /* DetailViewController.swift */; };
		6D5FC76D283626000031DE20 /* AddViewController.swift in Sources */ = {isa = PBXBuildFile; fileRef = 6D5FC76C283626000031DE20 /* AddViewController.swift */; };
		6D5FC771283627060031DE20 /* pencil.png in Resources */ = {isa = PBXBuildFile; fileRef = 6D5FC76E283627060031DE20 /* pencil.png */; };
		6D5FC772283627060031DE20 /* cart.png in Resources */ = {isa = PBXBuildFile; fileRef = 6D5FC76F283627060031DE20 /* cart.png */; };
		6D5FC773283627060031DE20 /* clock.png in Resources */ = {isa = PBXBuildFile; fileRef = 6D5FC770283627060031DE20 /* clock.png */; };
/* End PBXBuildFile section */

/* Begin PBXFileReference section */
		6D5FC751283622FD0031DE20 /* 12 TableView.app */ = {isa = PBXFileReference; explicitFileType = wrapper.application; includeInIndex = 0; path = "12 TableView.app"; sourceTree = BUILT_PRODUCTS_DIR; };
		6D5FC754283622FD0031DE20 /* AppDelegate.swift */ = {isa = PBXFileReference; lastKnownFileType = sourcecode.swift; path = AppDelegate.swift; sourceTree = "<group>"; };
		6D5FC756283622FD0031DE20 /* SceneDelegate.swift */ = {isa = PBXFileReference; lastKnownFileType = sourcecode.swift; path = SceneDelegate.swift; sourceTree = "<group>"; };
		6D5FC75B283622FD0031DE20 /* Base */ = {isa = PBXFileReference; lastKnownFileType = file.storyboard; name = Base; path = Base.lproj/Main.storyboard; sourceTree = "<group>"; };
		6D5FC75D283622FF0031DE20 /* Assets.xcassets */ = {isa = PBXFileReference; lastKnownFileType = folder.assetcatalog; path = Assets.xcassets; sourceTree = "<group>"; };
		6D5FC760283622FF0031DE20 /* Base */ = {isa = PBXFileReference; lastKnownFileType = file.storyboard; name = Base; path = Base.lproj/LaunchScreen.storyboard; sourceTree = "<group>"; };
		6D5FC762283622FF0031DE20 /* Info.plist */ = {isa = PBXFileReference; lastKnownFileType = text.plist.xml; path = Info.plist; sourceTree = "<group>"; };
		6D5FC7682836236F0031DE20 /* TableViewController.swift */ = {isa = PBXFileReference; lastKnownFileType = sourcecode.swift; path = TableViewController.swift; sourceTree = "<group>"; };
		6D5FC76A283625F20031DE20 /* DetailViewController.swift */ = {isa = PBXFileReference; lastKnownFileType = sourcecode.swift; path = DetailViewController.swift; sourceTree = "<group>"; };
		6D5FC76C283626000031DE20 /* AddViewController.swift */ = {isa = PBXFileReference; lastKnownFileType = sourcecode.swift; path = AddViewController.swift; sourceTree = "<group>"; };
		6D5FC76E283627060031DE20 /* pencil.png */ = {isa = PBXFileReference; lastKnownFileType = image.png; path = pencil.png; sourceTree = "<group>"; };
		6D5FC76F283627060031DE20 /* cart.png */ = {isa = PBXFileReference; lastKnownFileType = image.png; path = cart.png; sourceTree = "<group>"; };
		6D5FC770283627060031DE20 /* clock.png */ = {isa = PBXFileReference; lastKnownFileType = image.png; path = clock.png; sourceTree = "<group>"; };
/* End PBXFileReference section */

/* Begin PBXFrameworksBuildPhase section */
		6D5FC74E283622FD0031DE20 /* Frameworks */ = {
			isa = PBXFrameworksBuildPhase;
			buildActionMask = 2147483647;
			files = (
			);
			runOnlyForDeploymentPostprocessing = 0;
		};
/* End PBXFrameworksBuildPhase section */

/* Begin PBXGroup section */
		6D5FC748283622FD0031DE20 = {
			isa = PBXGroup;
			children = (
				6D5FC753283622FD0031DE20 /* 12 TableView */,
				6D5FC752283622FD0031DE20 /* Products */,
			);
			sourceTree = "<group>";
		};
		6D5FC752283622FD0031DE20 /* Products */ = {
			isa = PBXGroup;
			children = (
				6D5FC751283622FD0031DE20 /* 12 TableView.app */,
			);
			name = Products;
			sourceTree = "<group>";
		};
		6D5FC753283622FD0031DE20 /* 12 TableView */ = {
			isa = PBXGroup;
			children = (
				6D5FC76F283627060031DE20 /* cart.png */,
				6D5FC770283627060031DE20 /* clock.png */,
				6D5FC76E283627060031DE20 /* pencil.png */,
				6D5FC754283622FD0031DE20 /* AppDelegate.swift */,
				6D5FC756283622FD0031DE20 /* SceneDelegate.swift */,
				6D5FC75A283622FD0031DE20 /* Main.storyboard */,
				6D5FC76A283625F20031DE20 /* DetailViewController.swift */,
				6D5FC76C283626000031DE20 /* AddViewController.swift */,
				6D5FC75D283622FF0031DE20 /* Assets.xcassets */,
				6D5FC75F283622FF0031DE20 /* LaunchScreen.storyboard */,
				6D5FC762283622FF0031DE20 /* Info.plist */,
				6D5FC7682836236F0031DE20 /* TableViewController.swift */,
			);
			path = "12 TableView";
			sourceTree = "<group>";
		};
/* End PBXGroup section */

/* Begin PBXNativeTarget section */
		6D5FC750283622FD0031DE20 /* 12 TableView */ = {
			isa = PBXNativeTarget;
			buildConfigurationList = 6D5FC765283622FF0031DE20 /* Build configuration list for PBXNativeTarget "12 TableView" */;
			buildPhases = (
				6D5FC74D283622FD0031DE20 /* Sources */,
				6D5FC74E283622FD0031DE20 /* Frameworks */,
				6D5FC74F283622FD0031DE20 /* Resources */,
			);
			buildRules = (
			);
			dependencies = (
			);
			name = "12 TableView";
			productName = "12 TableView";
			productReference = 6D5FC751283622FD0031DE20 /* 12 TableView.app */;
			productType = "com.apple.product-type.application";
		};
/* End PBXNativeTarget section */

/* Begin PBXProject section */
		6D5FC749283622FD0031DE20 /* Project object */ = {
			isa = PBXProject;
			attributes = {
				BuildIndependentTargetsInParallel = 1;
				LastSwiftUpdateCheck = 1330;
				LastUpgradeCheck = 1330;
				TargetAttributes = {
					6D5FC750283622FD0031DE20 = {
						CreatedOnToolsVersion = 13.3.1;
					};
				};
			};
			buildConfigurationList = 6D5FC74C283622FD0031DE20 /* Build configuration list for PBXProject "12 TableView" */;
			compatibilityVersion = "Xcode 13.0";
			developmentRegion = en;
			hasScannedForEncodings = 0;
			knownRegions = (
				en,
				Base,
			);
			mainGroup = 6D5FC748283622FD0031DE20;
			productRefGroup = 6D5FC752283622FD0031DE20 /* Products */;
			projectDirPath = "";
			projectRoot = "";
			targets = (
				6D5FC750283622FD0031DE20 /* 12 TableView */,
			);
		};
/* End PBXProject section */

/* Begin PBXResourcesBuildPhase section */
		6D5FC74F283622FD0031DE20 /* Resources */ = {
			isa = PBXResourcesBuildPhase;
			buildActionMask = 2147483647;
			files = (
				6D5FC773283627060031DE20 /* clock.png in Resources */,
				6D5FC771283627060031DE20 /* pencil.png in Resources */,
				6D5FC772283627060031DE20 /* cart.png in Resources */,
				6D5FC761283622FF0031DE20 /* LaunchScreen.storyboard in Resources */,
				6D5FC75E283622FF0031DE20 /* Assets.xcassets in Resources */,
				6D5FC75C283622FD0031DE20 /* Main.storyboard in Resources */,
			);
			runOnlyForDeploymentPostprocessing = 0;
		};
/* End PBXResourcesBuildPhase section */

/* Begin PBXSourcesBuildPhase section */
		6D5FC74D283622FD0031DE20 /* Sources */ = {
			isa = PBXSourcesBuildPhase;
			buildActionMask = 2147483647;
			files = (
				6D5FC76D283626000031DE20 /* AddViewController.swift in Sources */,
				6D5FC755283622FD0031DE20 /* AppDelegate.swift in Sources */,
				6D5FC7692836236F0031DE20 /* TableViewController.swift in Sources */,
				6D5FC757283622FD0031DE20 /* SceneDelegate.swift in Sources */,
				6D5FC76B283625F20031DE20 /* DetailViewController.swift in Sources */,
			);
			runOnlyForDeploymentPostprocessing = 0;
		};
/* End PBXSourcesBuildPhase section */

/* Begin PBXVariantGroup section */
		6D5FC75A283622FD0031DE20 /* Main.storyboard */ = {
			isa = PBXVariantGroup;
			children = (
				6D5FC75B283622FD0031DE20 /* Base */,
			);
			name = Main.storyboard;
			sourceTree = "<group>";
		};
		6D5FC75F283622FF0031DE20 /* LaunchScreen.storyboard */ = {
			isa = PBXVariantGroup;
			children = (
				6D5FC760283622FF0031DE20 /* Base */,
			);
			name = LaunchScreen.storyboard;
			sourceTree = "<group>";
		};
/* End PBXVariantGroup section */

/* Begin XCBuildConfiguration section */
		6D5FC763283622FF0031DE20 /* Debug */ = {
			isa = XCBuildConfiguration;
			buildSettings = {
				ALWAYS_SEARCH_USER_PATHS = NO;
				CLANG_ANALYZER_NONNULL = YES;
				CLANG_ANALYZER_NUMBER_OBJECT_CONVERSION = YES_AGGRESSIVE;
				CLANG_CXX_LANGUAGE_STANDARD = "gnu++17";
				CLANG_ENABLE_MODULES = YES;
				CLANG_ENABLE_OBJC_ARC = YES;
				CLANG_ENABLE_OBJC_WEAK = YES;
				CLANG_WARN_BLOCK_CAPTURE_AUTORELEASING = YES;
				CLANG_WARN_BOOL_CONVERSION = YES;
				CLANG_WARN_COMMA = YES;
				CLANG_WARN_CONSTANT_CONVERSION = YES;
				CLANG_WARN_DEPRECATED_OBJC_IMPLEMENTATIONS = YES;
				CLANG_WARN_DIRECT_OBJC_ISA_USAGE = YES_ERROR;
				CLANG_WARN_DOCUMENTATION_COMMENTS = YES;
				CLANG_WARN_EMPTY_BODY = YES;
				CLANG_WARN_ENUM_CONVERSION = YES;
				CLANG_WARN_INFINITE_RECURSION = YES;
				CLANG_WARN_INT_CONVERSION = YES;
				CLANG_WARN_NON_LITERAL_NULL_CONVERSION = YES;
				CLANG_WARN_OBJC_IMPLICIT_RETAIN_SELF = YES;
				CLANG_WARN_OBJC_LITERAL_CONVERSION = YES;
				CLANG_WARN_OBJC_ROOT_CLASS = YES_ERROR;
				CLANG_WARN_QUOTED_INCLUDE_IN_FRAMEWORK_HEADER = YES;
				CLANG_WARN_RANGE_LOOP_ANALYSIS = YES;
				CLANG_WARN_STRICT_PROTOTYPES = YES;
				CLANG_WARN_SUSPICIOUS_MOVE = YES;
				CLANG_WARN_UNGUARDED_AVAILABILITY = YES_AGGRESSIVE;
				CLANG_WARN_UNREACHABLE_CODE = YES;
				CLANG_WARN__DUPLICATE_METHOD_MATCH = YES;
				COPY_PHASE_STRIP = NO;
				DEBUG_INFORMATION_FORMAT = dwarf;
				ENABLE_STRICT_OBJC_MSGSEND = YES;
				ENABLE_TESTABILITY = YES;
				GCC_C_LANGUAGE_STANDARD = gnu11;
				GCC_DYNAMIC_NO_PIC = NO;
				GCC_NO_COMMON_BLOCKS = YES;
				GCC_OPTIMIZATION_LEVEL = 0;
				GCC_PREPROCESSOR_DEFINITIONS = (
					"DEBUG=1",
					"$(inherited)",
				);
				GCC_WARN_64_TO_32_BIT_CONVERSION = YES;
				GCC_WARN_ABOUT_RETURN_TYPE = YES_ERROR;
				GCC_WARN_UNDECLARED_SELECTOR = YES;
				GCC_WARN_UNINITIALIZED_AUTOS = YES_AGGRESSIVE;
				GCC_WARN_UNUSED_FUNCTION = YES;
				GCC_WARN_UNUSED_VARIABLE = YES;
				IPHONEOS_DEPLOYMENT_TARGET = 15.4;
				MTL_ENABLE_DEBUG_INFO = INCLUDE_SOURCE;
				MTL_FAST_MATH = YES;
				ONLY_ACTIVE_ARCH = YES;
				SDKROOT = iphoneos;
				SWIFT_ACTIVE_COMPILATION_CONDITIONS = DEBUG;
				SWIFT_OPTIMIZATION_LEVEL = "-Onone";
			};
			name = Debug;
		};
		6D5FC764283622FF0031DE20 /* Release */ = {
			isa = XCBuildConfiguration;
			buildSettings = {
				ALWAYS_SEARCH_USER_PATHS = NO;
				CLANG_ANALYZER_NONNULL = YES;
				CLANG_ANALYZER_NUMBER_OBJECT_CONVERSION = YES_AGGRESSIVE;
				CLANG_CXX_LANGUAGE_STANDARD = "gnu++17";
				CLANG_ENABLE_MODULES = YES;
				CLANG_ENABLE_OBJC_ARC = YES;
				CLANG_ENABLE_OBJC_WEAK = YES;
				CLANG_WARN_BLOCK_CAPTURE_AUTORELEASING = YES;
				CLANG_WARN_BOOL_CONVERSION = YES;
				CLANG_WARN_COMMA = YES;
				CLANG_WARN_CONSTANT_CONVERSION = YES;
				CLANG_WARN_DEPRECATED_OBJC_IMPLEMENTATIONS = YES;
				CLANG_WARN_DIRECT_OBJC_ISA_USAGE = YES_ERROR;
				CLANG_WARN_DOCUMENTATION_COMMENTS = YES;
				CLANG_WARN_EMPTY_BODY = YES;
				CLANG_WARN_ENUM_CONVERSION = YES;
				CLANG_WARN_INFINITE_RECURSION = YES;
				CLANG_WARN_INT_CONVERSION = YES;
				CLANG_WARN_NON_LITERAL_NULL_CONVERSION = YES;
				CLANG_WARN_OBJC_IMPLICIT_RETAIN_SELF = YES;
				CLANG_WARN_OBJC_LITERAL_CONVERSION = YES;
				CLANG_WARN_OBJC_ROOT_CLASS = YES_ERROR;
				CLANG_WARN_QUOTED_INCLUDE_IN_FRAMEWORK_HEADER = YES;
				CLANG_WARN_RANGE_LOOP_ANALYSIS = YES;
				CLANG_WARN_STRICT_PROTOTYPES = YES;
				CLANG_WARN_SUSPICIOUS_MOVE = YES;
				CLANG_WARN_UNGUARDED_AVAILABILITY = YES_AGGRESSIVE;
				CLANG_WARN_UNREACHABLE_CODE = YES;
				CLANG_WARN__DUPLICATE_METHOD_MATCH = YES;
				COPY_PHASE_STRIP = NO;
				DEBUG_INFORMATION_FORMAT = "dwarf-with-dsym";
				ENABLE_NS_ASSERTIONS = NO;
				ENABLE_STRICT_OBJC_MSGSEND = YES;
				GCC_C_LANGUAGE_STANDARD = gnu11;
				GCC_NO_COMMON_BLOCKS = YES;
				GCC_WARN_64_TO_32_BIT_CONVERSION = YES;
				GCC_WARN_ABOUT_RETURN_TYPE = YES_ERROR;
				GCC_WARN_UNDECLARED_SELECTOR = YES;
				GCC_WARN_UNINITIALIZED_AUTOS = YES_AGGRESSIVE;
				GCC_WARN_UNUSED_FUNCTION = YES;
				GCC_WARN_UNUSED_VARIABLE = YES;
				IPHONEOS_DEPLOYMENT_TARGET = 15.4;
				MTL_ENABLE_DEBUG_INFO = NO;
				MTL_FAST_MATH = YES;
				SDKROOT = iphoneos;
				SWIFT_COMPILATION_MODE = wholemodule;
				SWIFT_OPTIMIZATION_LEVEL = "-O";
				VALIDATE_PRODUCT = YES;
			};
			name = Release;
		};
		6D5FC766283622FF0031DE20 /* Debug */ = {
			isa = XCBuildConfiguration;
			buildSettings = {
				ASSETCATALOG_COMPILER_APPICON_NAME = AppIcon;
				ASSETCATALOG_COMPILER_GLOBAL_ACCENT_COLOR_NAME = AccentColor;
				CODE_SIGN_STYLE = Automatic;
				CURRENT_PROJECT_VERSION = 1;
				DEVELOPMENT_TEAM = B2XR5545F7;
				GENERATE_INFOPLIST_FILE = YES;
				INFOPLIST_FILE = "12 TableView/Info.plist";
				INFOPLIST_KEY_UIApplicationSupportsIndirectInputEvents = YES;
				INFOPLIST_KEY_UILaunchStoryboardName = LaunchScreen;
				INFOPLIST_KEY_UIMainStoryboardFile = Main;
				INFOPLIST_KEY_UISupportedInterfaceOrientations_iPad = "UIInterfaceOrientationPortrait UIInterfaceOrientationPortraitUpsideDown UIInterfaceOrientationLandscapeLeft UIInterfaceOrientationLandscapeRight";
				INFOPLIST_KEY_UISupportedInterfaceOrientations_iPhone = "UIInterfaceOrientationPortrait UIInterfaceOrientationLandscapeLeft UIInterfaceOrientationLandscapeRight";
				LD_RUNPATH_SEARCH_PATHS = (
					"$(inherited)",
					"@executable_path/Frameworks",
				);
				MARKETING_VERSION = 1.0;
				PRODUCT_BUNDLE_IDENTIFIER = "Jeonhui.-2-TableView";
				PRODUCT_NAME = "$(TARGET_NAME)";
				SWIFT_EMIT_LOC_STRINGS = YES;
				SWIFT_VERSION = 5.0;
				TARGETED_DEVICE_FAMILY = "1,2";
			};
			name = Debug;
		};
		6D5FC767283622FF0031DE20 /* Release */ = {
			isa = XCBuildConfiguration;
			buildSettings = {
				ASSETCATALOG_COMPILER_APPICON_NAME = AppIcon;
				ASSETCATALOG_COMPILER_GLOBAL_ACCENT_COLOR_NAME = AccentColor;
				CODE_SIGN_STYLE = Automatic;
				CURRENT_PROJECT_VERSION = 1;
				DEVELOPMENT_TEAM = B2XR5545F7;
				GENERATE_INFOPLIST_FILE = YES;
				INFOPLIST_FILE = "12 TableView/Info.plist";
				INFOPLIST_KEY_UIApplicationSupportsIndirectInputEvents = YES;
				INFOPLIST_KEY_UILaunchStoryboardName = LaunchScreen;
				INFOPLIST_KEY_UIMainStoryboardFile = Main;
				INFOPLIST_KEY_UISupportedInterfaceOrientations_iPad = "UIInterfaceOrientationPortrait UIInterfaceOrientationPortraitUpsideDown UIInterfaceOrientationLandscapeLeft UIInterfaceOrientationLandscapeRight";
				INFOPLIST_KEY_UISupportedInterfaceOrientations_iPhone = "UIInterfaceOrientationPortrait UIInterfaceOrientationLandscapeLeft UIInterfaceOrientationLandscapeRight";
				LD_RUNPATH_SEARCH_PATHS = (
					"$(inherited)",
					"@executable_path/Frameworks",
				);
				MARKETING_VERSION = 1.0;
				PRODUCT_BUNDLE_IDENTIFIER = "Jeonhui.-2-TableView";
				PRODUCT_NAME = "$(TARGET_NAME)";
				SWIFT_EMIT_LOC_STRINGS = YES;
				SWIFT_VERSION = 5.0;
				TARGETED_DEVICE_FAMILY = "1,2";
			};
			name = Release;
		};
/* End XCBuildConfiguration section */

/* Begin XCConfigurationList section */
		6D5FC74C283622FD0031DE20 /* Build configuration list for PBXProject "12 TableView" */ = {
			isa = XCConfigurationList;
			buildConfigurations = (
				6D5FC763283622FF0031DE20 /* Debug */,
				6D5FC764283622FF0031DE20 /* Release */,
			);
			defaultConfigurationIsVisible = 0;
			defaultConfigurationName = Release;
		};
		6D5FC765283622FF0031DE20 /* Build configuration list for PBXNativeTarget "12 TableView" */ = {
			isa = XCConfigurationList;
			buildConfigurations = (
				6D5FC766283622FF0031DE20 /* Debug */,
				6D5FC767283622FF0031DE20 /* Release */,
			);
			defaultConfigurationIsVisible = 0;
			defaultConfigurationName = Release;
		};
/* End XCConfigurationList section */
	};
	rootObject = 6D5FC749283622FD0031DE20 /* Project object */;
}
